
Microsoft Visual Studio Solution File, Format Version 11.00
# Visual Studio 2010
Project("{FAE04EC0-301F-11D3-BF4B-00C04F79EFBC}") = "RIAExample", "RIAExample\RIAExample.csproj", "{C564140B-259F-45AE-A61D-D072FBB154B9}"
	ProjectSection(ProjectDependencies) = postProject
		{C3D6CA17-73CB-4C21-B2A2-2022C73C4819} = {C3D6CA17-73CB-4C21-B2A2-2022C73C4819}
	EndProjectSection
EndProject
Project("{FAE04EC0-301F-11D3-BF4B-00C04F79EFBC}") = "RIAExample.Web", "RIAExample.Web\RIAExample.Web.csproj", "{C3D6CA17-73CB-4C21-B2A2-2022C73C4819}"
EndProject
Global
	GlobalSection(SolutionConfigurationPlatforms) = preSolution
		Debug|Any CPU = Debug|Any CPU
		Release|Any CPU = Release|Any CPU
	EndGlobalSection
	GlobalSection(ProjectConfigurationPlatforms) = postSolution
		{C564140B-259F-45AE-A61D-D072FBB154B9}.Debug|Any CPU.ActiveCfg = Debug|Any CPU
		{C564140B-259F-45AE-A61D-D072FBB154B9}.Debug|Any CPU.Build.0 = Debug|Any CPU
		{C564140B-259F-45AE-A61D-D072FBB154B9}.Release|Any CPU.ActiveCfg = Release|Any CPU
		{C564140B-259F-45AE-A61D-D072FBB154B9}.Release|Any CPU.Build.0 = Release|Any CPU
		{C3D6CA17-73CB-4C21-B2A2-2022C73C4819}.Debug|Any CPU.ActiveCfg = Debug|Any CPU
		{C3D6CA17-73CB-4C21-B2A2-2022C73C4819}.Debug|Any CPU.Build.0 = Debug|Any CPU
		{C3D6CA17-73CB-4C21-B2A2-2022C73C4819}.Release|Any CPU.ActiveCfg = Release|Any CPU
		{C3D6CA17-73CB-4C21-B2A2-2022C73C4819}.Release|Any CPU.Build.0 = Release|Any CPU
	EndGlobalSection
	GlobalSection(SolutionProperties) = preSolution
		HideSolutionNode = FALSE
	EndGlobalSection
EndGlobal
